# This file is automatically @generated by Cargo.
# It is not intended for manual editing.
version = 4

[[package]]
name = "el-cli"
version = "0.1.0"
dependencies = [
 "el-driver",
]

[[package]]
name = "el-driver"
version = "0.1.0"
dependencies = [
 "el-span",
]

[[package]]
name = "el-runtime"
version = "0.1.0"

[[package]]
name = "el-span"
version = "0.1.0"
